
Microsoft Visual Studio Solution File, Format Version 12.00
# Visual Studio Version 16
VisualStudioVersion = 16.0.28729.10
MinimumVisualStudioVersion = 10.0.40219.1
Project("{9A19103F-16F7-4668-BE54-9A1E7A4F7556}") = "NetCoreExample", "src\PostNetCoreNativo\NetCoreExample.csproj", "{277888A6-D7D8-47AB-A88D-E5ECCEA208B3}"
EndProject
Project("{2150E333-8FDC-42A3-9474-1A3956D46DE8}") = "1-src", "1-src", "{78A0BD5D-2272-4D68-A206-EC9E96C9439C}"
EndProject
Project("{2150E333-8FDC-42A3-9474-1A3956D46DE8}") = "2-test", "2-test", "{DC992775-251F-41CF-A6A2-8F1EC2771678}"
EndProject
Project("{FAE04EC0-301F-11D3-BF4B-00C04F79EFBC}") = "NativeMehotdsTests", "test\NativeMehotdsTests\NativeMehotdsTests.csproj", "{F7072023-0729-4295-9637-376F183C224D}"
EndProject
Global
	GlobalSection(SolutionConfigurationPlatforms) = preSolution
		Debug|Any CPU = Debug|Any CPU
		Release|Any CPU = Release|Any CPU
	EndGlobalSection
	GlobalSection(ProjectConfigurationPlatforms) = postSolution
		{277888A6-D7D8-47AB-A88D-E5ECCEA208B3}.Debug|Any CPU.ActiveCfg = Debug|Any CPU
		{277888A6-D7D8-47AB-A88D-E5ECCEA208B3}.Debug|Any CPU.Build.0 = Debug|Any CPU
		{277888A6-D7D8-47AB-A88D-E5ECCEA208B3}.Release|Any CPU.ActiveCfg = Release|Any CPU
		{277888A6-D7D8-47AB-A88D-E5ECCEA208B3}.Release|Any CPU.Build.0 = Release|Any CPU
		{F7072023-0729-4295-9637-376F183C224D}.Debug|Any CPU.ActiveCfg = Debug|Any CPU
		{F7072023-0729-4295-9637-376F183C224D}.Debug|Any CPU.Build.0 = Debug|Any CPU
		{F7072023-0729-4295-9637-376F183C224D}.Release|Any CPU.ActiveCfg = Release|Any CPU
		{F7072023-0729-4295-9637-376F183C224D}.Release|Any CPU.Build.0 = Release|Any CPU
	EndGlobalSection
	GlobalSection(SolutionProperties) = preSolution
		HideSolutionNode = FALSE
	EndGlobalSection
	GlobalSection(NestedProjects) = preSolution
		{277888A6-D7D8-47AB-A88D-E5ECCEA208B3} = {78A0BD5D-2272-4D68-A206-EC9E96C9439C}
		{F7072023-0729-4295-9637-376F183C224D} = {DC992775-251F-41CF-A6A2-8F1EC2771678}
	EndGlobalSection
	GlobalSection(ExtensibilityGlobals) = postSolution
		SolutionGuid = {AC786BA6-7433-4513-84B7-43C40A8C4B52}
	EndGlobalSection
EndGlobal
